{
  "name": "imaginaire.art",
  "version": "0.0.1",
  "lockfileVersion": 2,
  "requires": true,
  "packages": {
    "": {
      "name": "imaginaire.art",
      "version": "0.0.1",
      "devDependencies": {
        "@sveltejs/adapter-auto": "next",
        "@sveltejs/kit": "next",
        "svelte": "^3.44.0"
      }
    },
    "node_modules/@iarna/toml": {
      "version": "2.2.5",
      "resolved": "https://artifactory.chrobinson.com/artifactory/api/npm/registry/@iarna/toml/-/toml-2.2.5.tgz",
      "integrity": "sha1-syNmyJtDxvjO+976x3i5yCjjuow=",
      "dev": true,
      "license": "ISC"
    },
    "node_modules/@rollup/pluginutils": {
      "version": "4.2.1",
      "resolved": "https://artifactory.chrobinson.com/artifactory/api/npm/registry/@rollup/pluginutils/-/pluginutils-4.2.1.tgz",
      "integrity": "sha1-5sbDq6B0Ttzj+yB0ki03dsCvKm0=",
      "dev": true,
      "license": "MIT",
      "dependencies": {
        "estree-walker": "^2.0.1",
        "picomatch": "^2.2.2"
      },
      "engines": {
        "node": ">= 8.0.0"
      }
    },
    "node_modules/@sveltejs/adapter-auto": {
      "version": "1.0.0-next.35",
      "resolved": "https://artifactory.chrobinson.com/artifactory/api/npm/registry/@sveltejs/adapter-auto/-/adapter-auto-1.0.0-next.35.tgz",
      "integrity": "sha1-Np9GvALjuFrUSEZ1xg699lUjWu4=",
      "dev": true,
      "license": "MIT",
      "dependencies": {
        "@sveltejs/adapter-cloudflare": "1.0.0-next.18",
        "@sveltejs/adapter-netlify": "1.0.0-next.52",
        "@sveltejs/adapter-vercel": "1.0.0-next.48"
      }
    },
    "node_modules/@sveltejs/adapter-cloudflare": {
      "version": "1.0.0-next.18",
      "resolved": "https://artifactory.chrobinson.com/artifactory/api/npm/registry/@sveltejs/adapter-cloudflare/-/adapter-cloudflare-1.0.0-next.18.tgz",
      "integrity": "sha1-+Qiv3biHPbu2AUHFVr+lapaunQA=",
      "dev": true,
      "license": "MIT",
      "dependencies": {
        "esbuild": "^0.14.21",
        "worktop": "0.8.0-next.12"
      }
    },
    "node_modules/@sveltejs/adapter-netlify": {
      "version": "1.0.0-next.52",
      "resolved": "https://artifactory.chrobinson.com/artifactory/api/npm/registry/@sveltejs/adapter-netlify/-/adapter-netlify-1.0.0-next.52.tgz",
      "integrity": "sha1-NBwchTYXycWrygmUjitqWbVQi8U=",
      "dev": true,
      "license": "MIT",
      "dependencies": {
        "@iarna/toml": "^2.2.5",
        "esbuild": "^0.14.21",
        "tiny-glob": "^0.2.9"
      }
    },
    "node_modules/@sveltejs/adapter-vercel": {
      "version": "1.0.0-next.48",
      "resolved": "https://artifactory.chrobinson.com/artifactory/api/npm/registry/@sveltejs/adapter-vercel/-/adapter-vercel-1.0.0-next.48.tgz",
      "integrity": "sha1-7IrfNUBSVkXxr9aQxrJZB9zIvlM=",
      "dev": true,
      "license": "MIT",
      "dependencies": {
        "esbuild": "^0.14.21"
      }
    },
    "node_modules/@sveltejs/kit": {
      "version": "1.0.0-next.317",
      "resolved": "https://artifactory.chrobinson.com/artifactory/api/npm/registry/@sveltejs/kit/-/kit-1.0.0-next.317.tgz",
      "integrity": "sha1-LdrcW6+4MABL2bQhISQF+OR7U9U=",
      "dev": true,
      "license": "MIT",
      "dependencies": {
        "@sveltejs/vite-plugin-svelte": "^1.0.0-next.32",
        "sade": "^1.7.4",
        "vite": "^2.9.0"
      },
      "bin": {
        "svelte-kit": "svelte-kit.js"
      },
      "engines": {
        "node": ">=14.13"
      },
      "peerDependencies": {
        "svelte": "^3.44.0"
      }
    },
    "node_modules/@sveltejs/vite-plugin-svelte": {
      "version": "1.0.0-next.41",
      "resolved": "https://artifactory.chrobinson.com/artifactory/api/npm/registry/@sveltejs/vite-plugin-svelte/-/vite-plugin-svelte-1.0.0-next.41.tgz",
      "integrity": "sha1-R3hQKviiPGXOqgtSJe1yLTrWteA=",
      "dev": true,
      "license": "MIT",
      "dependencies": {
        "@rollup/pluginutils": "^4.2.0",
        "debug": "^4.3.4",
        "kleur": "^4.1.4",
        "magic-string": "^0.26.1",
        "svelte-hmr": "^0.14.11"
      },
      "engines": {
        "node": "^14.13.1 || >= 16"
      },
      "peerDependencies": {
        "diff-match-patch": "^1.0.5",
        "svelte": "^3.44.0",
        "vite": "^2.9.0"
      },
      "peerDependenciesMeta": {
        "diff-match-patch": {
          "optional": true
        }
      }
    },
    "node_modules/debug": {
      "version": "4.3.4",
      "resolved": "https://artifactory.chrobinson.com/artifactory/api/npm/registry/debug/-/debug-4.3.4.tgz",
      "integrity": "sha1-Exn2V5NX8jONMzfSzdSRS7XcyGU=",
      "dev": true,
      "license": "MIT",
      "dependencies": {
        "ms": "2.1.2"
      },
      "engines": {
        "node": ">=6.0"
      },
      "peerDependenciesMeta": {
        "supports-color": {
          "optional": true
        }
      }
    },
    "node_modules/esbuild": {
      "version": "0.14.37",
      "resolved": "https://artifactory.chrobinson.com/artifactory/api/npm/registry/esbuild/-/esbuild-0.14.37.tgz",
      "integrity": "sha1-JKc+0N7QtYLdGEEBQn35SJfoj6w=",
      "dev": true,
      "hasInstallScript": true,
      "license": "MIT",
      "bin": {
        "esbuild": "bin/esbuild"
      },
      "engines": {
        "node": ">=12"
      },
      "optionalDependencies": {
        "esbuild-android-64": "0.14.37",
        "esbuild-android-arm64": "0.14.37",
        "esbuild-darwin-64": "0.14.37",
        "esbuild-darwin-arm64": "0.14.37",
        "esbuild-freebsd-64": "0.14.37",
        "esbuild-freebsd-arm64": "0.14.37",
        "esbuild-linux-32": "0.14.37",
        "esbuild-linux-64": "0.14.37",
        "esbuild-linux-arm": "0.14.37",
        "esbuild-linux-arm64": "0.14.37",
        "esbuild-linux-mips64le": "0.14.37",
        "esbuild-linux-ppc64le": "0.14.37",
        "esbuild-linux-riscv64": "0.14.37",
        "esbuild-linux-s390x": "0.14.37",
        "esbuild-netbsd-64": "0.14.37",
        "esbuild-openbsd-64": "0.14.37",
        "esbuild-sunos-64": "0.14.37",
        "esbuild-windows-32": "0.14.37",
        "esbuild-windows-64": "0.14.37",
        "esbuild-windows-arm64": "0.14.37"
      }
    },
    "node_modules/esbuild-android-64": {
      "version": "0.14.37",
      "resolved": "https://artifactory.chrobinson.com/artifactory/api/npm/registry/esbuild-android-64/-/esbuild-android-64-0.14.37.tgz",
      "integrity": "sha1-2g3R9L9+4DujzH9zUiKhLO+dPpQ=",
      "cpu": [
        "x64"
      ],
      "dev": true,
      "license": "MIT",
      "optional": true,
      "os": [
        "android"
      ],
      "engines": {
        "node": ">=12"
      }
    },
    "node_modules/esbuild-android-arm64": {
      "version": "0.14.37",
      "resolved": "https://artifactory.chrobinson.com/artifactory/api/npm/registry/esbuild-android-arm64/-/esbuild-android-arm64-0.14.37.tgz",
      "integrity": "sha1-uVArDM7PXmy3qnWhYHyuUWWA9vg=",
      "cpu": [
        "arm64"
      ],
      "dev": true,
      "license": "MIT",
      "optional": true,
      "os": [
        "android"
      ],
      "engines": {
        "node": ">=12"
      }
    },
    "node_modules/esbuild-darwin-64": {
      "version": "0.14.37",
      "resolved": "https://artifactory.chrobinson.com/artifactory/api/npm/registry/esbuild-darwin-64/-/esbuild-darwin-64-0.14.37.tgz",
      "integrity": "sha1-TvMMVZ+kKBeQV1vQKaPQ9W+laqQ=",
      "cpu": [
        "x64"
      ],
      "dev": true,
      "license": "MIT",
      "optional": true,
      "os": [
        "darwin"
      ],
      "engines": {
        "node": ">=12"
      }
    },
    "node_modules/esbuild-darwin-arm64": {
      "version": "0.14.37",
      "resolved": "https://artifactory.chrobinson.com/artifactory/api/npm/registry/esbuild-darwin-arm64/-/esbuild-darwin-arm64-0.14.37.tgz",
      "integrity": "sha1-LU/7Tw5lVnKQtpxOmg97So1Oxc4=",
      "cpu": [
        "arm64"
      ],
      "dev": true,
      "license": "MIT",
      "optional": true,
      "os": [
        "darwin"
      ],
      "engines": {
        "node": ">=12"
      }
    },
    "node_modules/esbuild-freebsd-64": {
      "version": "0.14.37",
      "resolved": "https://artifactory.chrobinson.com/artifactory/api/npm/registry/esbuild-freebsd-64/-/esbuild-freebsd-64-0.14.37.tgz",
      "integrity": "sha1-5wxvPGAPpS+vE1rutqXmv9kN2Nw=",
      "cpu": [
        "x64"
      ],
      "dev": true,
      "license": "MIT",
      "optional": true,
      "os": [
        "freebsd"
      ],
      "engines": {
        "node": ">=12"
      }
    },
    "node_modules/esbuild-freebsd-arm64": {
      "version": "0.14.37",
      "resolved": "https://artifactory.chrobinson.com/artifactory/api/npm/registry/esbuild-freebsd-arm64/-/esbuild-freebsd-arm64-0.14.37.tgz",
      "integrity": "sha1-I3nttRmEfSuxcDAz/+n7akYnv8U=",
      "cpu": [
        "arm64"
      ],
      "dev": true,
      "license": "MIT",
      "optional": true,
      "os": [
        "freebsd"
      ],
      "engines": {
        "node": ">=12"
      }
    },
    "node_modules/esbuild-linux-32": {
      "version": "0.14.37",
      "resolved": "https://artifactory.chrobinson.com/artifactory/api/npm/registry/esbuild-linux-32/-/esbuild-linux-32-0.14.37.tgz",
      "integrity": "sha1-cnkHyQsYY6kIyt+lYmEAVmP0fuU=",
      "cpu": [
        "ia32"
      ],
      "dev": true,
      "license": "MIT",
      "optional": true,
      "os": [
        "linux"
      ],
      "engines": {
        "node": ">=12"
      }
    },
    "node_modules/esbuild-linux-64": {
      "version": "0.14.37",
      "resolved": "https://artifactory.chrobinson.com/artifactory/api/npm/registry/esbuild-linux-64/-/esbuild-linux-64-0.14.37.tgz",
      "integrity": "sha1-Bo3u1rC/Cfb36q03HK3eQIWUXKc=",
      "cpu": [
        "x64"
      ],
      "dev": true,
      "license": "MIT",
      "optional": true,
      "os": [
        "linux"
      ],
      "engines": {
        "node": ">=12"
      }
    },
    "node_modules/esbuild-linux-arm": {
      "version": "0.14.37",
      "resolved": "https://artifactory.chrobinson.com/artifactory/api/npm/registry/esbuild-linux-arm/-/esbuild-linux-arm-0.14.37.tgz",
      "integrity": "sha1-d4nT/JbC7cLr+WzA+tw3CGaN45k=",
      "cpu": [
        "arm"
      ],
      "dev": true,
      "license": "MIT",
      "optional": true,
      "os": [
        "linux"
      ],
      "engines": {
        "node": ">=12"
      }
    },
    "node_modules/esbuild-linux-arm64": {
      "version": "0.14.37",
      "resolved": "https://artifactory.chrobinson.com/artifactory/api/npm/registry/esbuild-linux-arm64/-/esbuild-linux-arm64-0.14.37.tgz",
      "integrity": "sha1-9DOuSQIAPYtJnAWrO0i5mm55yPY=",
      "cpu": [
        "arm64"
      ],
      "dev": true,
      "license": "MIT",
      "optional": true,
      "os": [
        "linux"
      ],
      "engines": {
        "node": ">=12"
      }
    },
    "node_modules/esbuild-linux-mips64le": {
      "version": "0.14.37",
      "resolved": "https://artifactory.chrobinson.com/artifactory/api/npm/registry/esbuild-linux-mips64le/-/esbuild-linux-mips64le-0.14.37.tgz",
      "integrity": "sha1-fxAKmw6m1gvRWFvdddXX0+pDK/Q=",
      "cpu": [
        "mips64el"
      ],
      "dev": true,
      "license": "MIT",
      "optional": true,
      "os": [
        "linux"
      ],
      "engines": {
        "node": ">=12"
      }
    },
    "node_modules/esbuild-linux-ppc64le": {
      "version": "0.14.37",
      "resolved": "https://artifactory.chrobinson.com/artifactory/api/npm/registry/esbuild-linux-ppc64le/-/esbuild-linux-ppc64le-0.14.37.tgz",
      "integrity": "sha1-Edg5rMsblzmJWcnGRkSu0qd1f14=",
      "cpu": [
        "ppc64"
      ],
      "dev": true,
      "license": "MIT",
      "optional": true,
      "os": [
        "linux"
      ],
      "engines": {
        "node": ">=12"
      }
    },
    "node_modules/esbuild-linux-riscv64": {
      "version": "0.14.37",
      "resolved": "https://artifactory.chrobinson.com/artifactory/api/npm/registry/esbuild-linux-riscv64/-/esbuild-linux-riscv64-0.14.37.tgz",
      "integrity": "sha1-RnzepfvTwmvXo0K/rwexMb5nOK8=",
      "cpu": [
        "riscv64"
      ],
      "dev": true,
      "license": "MIT",
      "optional": true,
      "os": [
        "linux"
      ],
      "engines": {
        "node": ">=12"
      }
    },
    "node_modules/esbuild-linux-s390x": {
      "version": "0.14.37",
      "resolved": "https://artifactory.chrobinson.com/artifactory/api/npm/registry/esbuild-linux-s390x/-/esbuild-linux-s390x-0.14.37.tgz",
      "integrity": "sha1-5Py2yr8TuqL4aZ8wyWaLk4OUXuQ=",
      "cpu": [
        "s390x"
      ],
      "dev": true,
      "license": "MIT",
      "optional": true,
      "os": [
        "linux"
      ],
      "engines": {
        "node": ">=12"
      }
    },
    "node_modules/esbuild-netbsd-64": {
      "version": "0.14.37",
      "resolved": "https://artifactory.chrobinson.com/artifactory/api/npm/registry/esbuild-netbsd-64/-/esbuild-netbsd-64-0.14.37.tgz",
      "integrity": "sha1-7AbPvsU/1TMf7PzBHXUriv+EDFM=",
      "cpu": [
        "x64"
      ],
      "dev": true,
      "license": "MIT",
      "optional": true,
      "os": [
        "netbsd"
      ],
      "engines": {
        "node": ">=12"
      }
    },
    "node_modules/esbuild-openbsd-64": {
      "version": "0.14.37",
      "resolved": "https://artifactory.chrobinson.com/artifactory/api/npm/registry/esbuild-openbsd-64/-/esbuild-openbsd-64-0.14.37.tgz",
      "integrity": "sha1-TI9mQKKpYa0o50Y4cxUS8gS+Kjo=",
      "cpu": [
        "x64"
      ],
      "dev": true,
      "license": "MIT",
      "optional": true,
      "os": [
        "openbsd"
      ],
      "engines": {
        "node": ">=12"
      }
    },
    "node_modules/esbuild-sunos-64": {
      "version": "0.14.37",
      "resolved": "https://artifactory.chrobinson.com/artifactory/api/npm/registry/esbuild-sunos-64/-/esbuild-sunos-64-0.14.37.tgz",
      "integrity": "sha1-xSnDg4wKjHl7LPlLtrjt92HNwSY=",
      "cpu": [
        "x64"
      ],
      "dev": true,
      "license": "MIT",
      "optional": true,
      "os": [
        "sunos"
      ],
      "engines": {
        "node": ">=12"
      }
    },
    "node_modules/esbuild-windows-32": {
      "version": "0.14.37",
      "resolved": "https://artifactory.chrobinson.com/artifactory/api/npm/registry/esbuild-windows-32/-/esbuild-windows-32-0.14.37.tgz",
      "integrity": "sha1-cZ4CMHVFvaFLO3TPJlKITF6kJyU=",
      "cpu": [
        "ia32"
      ],
      "dev": true,
      "license": "MIT",
      "optional": true,
      "os": [
        "win32"
      ],
      "engines": {
        "node": ">=12"
      }
    },
    "node_modules/esbuild-windows-64": {
      "version": "0.14.37",
      "resolved": "https://artifactory.chrobinson.com/artifactory/api/npm/registry/esbuild-windows-64/-/esbuild-windows-64-0.14.37.tgz",
      "integrity": "sha1-oUgb2h6dljtsT+031fbb5IOxA1s=",
      "cpu": [
        "x64"
      ],
      "dev": true,
      "license": "MIT",
      "optional": true,
      "os": [
        "win32"
      ],
      "engines": {
        "node": ">=12"
      }
    },
    "node_modules/esbuild-windows-arm64": {
      "version": "0.14.37",
      "resolved": "https://artifactory.chrobinson.com/artifactory/api/npm/registry/esbuild-windows-arm64/-/esbuild-windows-arm64-0.14.37.tgz",
      "integrity": "sha1-6xsbhI3O3wtX/fIH35h5/jqq880=",
      "cpu": [
        "arm64"
      ],
      "dev": true,
      "license": "MIT",
      "optional": true,
      "os": [
        "win32"
      ],
      "engines": {
        "node": ">=12"
      }
    },
    "node_modules/estree-walker": {
      "version": "2.0.2",
      "resolved": "https://artifactory.chrobinson.com/artifactory/api/npm/registry/estree-walker/-/estree-walker-2.0.2.tgz",
      "integrity": "sha1-UvAQF4wqTBF6d1fP6UKtt9LaTKw=",
      "dev": true,
      "license": "MIT"
    },
    "node_modules/fsevents": {
      "version": "2.3.2",
      "resolved": "https://artifactory.chrobinson.com/artifactory/api/npm/registry/fsevents/-/fsevents-2.3.2.tgz",
      "integrity": "sha1-ilJveLj99GI7cJ4Ll1xSwkwC/Ro=",
      "dev": true,
      "hasInstallScript": true,
      "license": "MIT",
      "optional": true,
      "os": [
        "darwin"
      ],
      "engines": {
        "node": "^8.16.0 || ^10.6.0 || >=11.0.0"
      }
    },
    "node_modules/function-bind": {
      "version": "1.1.1",
      "resolved": "https://artifactory.chrobinson.com/artifactory/api/npm/registry/function-bind/-/function-bind-1.1.1.tgz",
      "integrity": "sha1-pWiZ0+o8m6uHS7l3O3xe3pL0iV0=",
      "dev": true,
      "license": "MIT"
    },
    "node_modules/globalyzer": {
      "version": "0.1.0",
      "resolved": "https://artifactory.chrobinson.com/artifactory/api/npm/registry/globalyzer/-/globalyzer-0.1.0.tgz",
      "integrity": "sha1-y3baeVVWaaFRnVqO3wk6+qC/FGU=",
      "dev": true,
      "license": "MIT"
    },
    "node_modules/globrex": {
      "version": "0.1.2",
      "resolved": "https://artifactory.chrobinson.com/artifactory/api/npm/registry/globrex/-/globrex-0.1.2.tgz",
      "integrity": "sha1-3V2eyCYjJzDNZ5Ol4zqTApheYJg=",
      "dev": true,
      "license": "MIT"
    },
    "node_modules/has": {
      "version": "1.0.3",
      "resolved": "https://artifactory.chrobinson.com/artifactory/api/npm/registry/has/-/has-1.0.3.tgz",
      "integrity": "sha1-ci18v8H2qoJB8W3YFOAR4fQeh5Y=",
      "dev": true,
      "license": "MIT",
      "dependencies": {
        "function-bind": "^1.1.1"
      },
      "engines": {
        "node": ">= 0.4.0"
      }
    },
    "node_modules/is-core-module": {
      "version": "2.9.0",
      "resolved": "https://artifactory.chrobinson.com/artifactory/api/npm/registry/is-core-module/-/is-core-module-2.9.0.tgz",
      "integrity": "sha1-4cNEKc1Rxt2eCeB5njluJ7GanGk=",
      "dev": true,
      "license": "MIT",
      "dependencies": {
        "has": "^1.0.3"
      },
      "funding": {
        "url": "https://github.com/sponsors/ljharb"
      }
    },
    "node_modules/kleur": {
      "version": "4.1.4",
      "resolved": "https://artifactory.chrobinson.com/artifactory/api/npm/registry/kleur/-/kleur-4.1.4.tgz",
      "integrity": "sha1-jCAph9fld3ZtA5qM1GGTTAHNoE0=",
      "dev": true,
      "license": "MIT",
      "engines": {
        "node": ">=6"
      }
    },
    "node_modules/magic-string": {
      "version": "0.26.1",
      "resolved": "https://artifactory.chrobinson.com/artifactory/api/npm/registry/magic-string/-/magic-string-0.26.1.tgz",
      "integrity": "sha1-uptlE1T6lRJHQZms7PnG2+k/l/0=",
      "dev": true,
      "license": "MIT",
      "dependencies": {
        "sourcemap-codec": "^1.4.8"
      },
      "engines": {
        "node": ">=12"
      }
    },
    "node_modules/mri": {
      "version": "1.2.0",
      "resolved": "https://artifactory.chrobinson.com/artifactory/api/npm/registry/mri/-/mri-1.2.0.tgz",
      "integrity": "sha1-ZyFID+wqEaSImGERWki2y+fMjws=",
      "dev": true,
      "license": "MIT",
      "engines": {
        "node": ">=4"
      }
    },
    "node_modules/mrmime": {
      "version": "1.0.0",
      "resolved": "https://artifactory.chrobinson.com/artifactory/api/npm/registry/mrmime/-/mrmime-1.0.0.tgz",
      "integrity": "sha1-FNOH8FhaUjPSkbq6M5sGN1KiOYs=",
      "dev": true,
      "license": "MIT",
      "engines": {
        "node": ">=10"
      }
    },
    "node_modules/ms": {
      "version": "2.1.2",
      "resolved": "https://artifactory.chrobinson.com/artifactory/api/npm/registry/ms/-/ms-2.1.2.tgz",
      "integrity": "sha1-0J0fNXtEP0kzgqjrPM0YOHKuYAk=",
      "dev": true,
      "license": "MIT"
    },
    "node_modules/nanoid": {
      "version": "3.3.3",
      "resolved": "https://artifactory.chrobinson.com/artifactory/api/npm/registry/nanoid/-/nanoid-3.3.3.tgz",
      "integrity": "sha1-/Y6Leqdh/oB9ui0bmPtyQbtySiU=",
      "dev": true,
      "license": "MIT",
      "bin": {
        "nanoid": "bin/nanoid.cjs"
      },
      "engines": {
        "node": "^10 || ^12 || ^13.7 || ^14 || >=15.0.1"
      }
    },
    "node_modules/path-parse": {
      "version": "1.0.7",
      "resolved": "https://artifactory.chrobinson.com/artifactory/api/npm/registry/path-parse/-/path-parse-1.0.7.tgz",
      "integrity": "sha1-+8EUtgykKzDZ2vWFjkvWi77bZzU=",
      "dev": true,
      "license": "MIT"
    },
    "node_modules/picocolors": {
      "version": "1.0.0",
      "resolved": "https://artifactory.chrobinson.com/artifactory/api/npm/registry/picocolors/-/picocolors-1.0.0.tgz",
      "integrity": "sha1-y1vcdP8/UYkiNur3nWi8RFZKuBw=",
      "dev": true,
      "license": "ISC"
    },
    "node_modules/picomatch": {
      "version": "2.3.1",
      "resolved": "https://artifactory.chrobinson.com/artifactory/api/npm/registry/picomatch/-/picomatch-2.3.1.tgz",
      "integrity": "sha1-O6ODNzNkbZ0+SZWUbBNlpn+wekI=",
      "dev": true,
      "license": "MIT",
      "engines": {
        "node": ">=8.6"
      },
      "funding": {
        "url": "https://github.com/sponsors/jonschlinkert"
      }
    },
    "node_modules/postcss": {
      "version": "8.4.12",
      "resolved": "https://artifactory.chrobinson.com/artifactory/api/npm/registry/postcss/-/postcss-8.4.12.tgz",
      "integrity": "sha1-Hn3nhzOyiXD6R0P32m83Y2SLGQU=",
      "dev": true,
      "funding": [
        {
          "type": "opencollective",
          "url": "https://opencollective.com/postcss/"
        },
        {
          "type": "tidelift",
          "url": "https://tidelift.com/funding/github/npm/postcss"
        }
      ],
      "license": "MIT",
      "dependencies": {
        "nanoid": "^3.3.1",
        "picocolors": "^1.0.0",
        "source-map-js": "^1.0.2"
      },
      "engines": {
        "node": "^10 || ^12 || >=14"
      }
    },
    "node_modules/regexparam": {
      "version": "2.0.0",
      "resolved": "https://artifactory.chrobinson.com/artifactory/api/npm/registry/regexparam/-/regexparam-2.0.0.tgz",
      "integrity": "sha1-BZR2dn1fX4f3Nfx5ItEz/RoRjIw=",
      "dev": true,
      "license": "MIT",
      "engines": {
        "node": ">=8"
      }
    },
    "node_modules/resolve": {
      "version": "1.22.0",
      "resolved": "https://artifactory.chrobinson.com/artifactory/api/npm/registry/resolve/-/resolve-1.22.0.tgz",
      "integrity": "sha1-XguMZ8Fd9XqJvbq+YDoALyFzEZg=",
      "dev": true,
      "license": "MIT",
      "dependencies": {
        "is-core-module": "^2.8.1",
        "path-parse": "^1.0.7",
        "supports-preserve-symlinks-flag": "^1.0.0"
      },
      "bin": {
        "resolve": "bin/resolve"
      },
      "funding": {
        "url": "https://github.com/sponsors/ljharb"
      }
    },
    "node_modules/rollup": {
      "version": "2.70.2",
      "resolved": "https://artifactory.chrobinson.com/artifactory/api/npm/registry/rollup/-/rollup-2.70.2.tgz",
      "integrity": "sha1-gI0gaohRYooGUJe3uiBTvYO6DA0=",
      "dev": true,
      "license": "MIT",
      "bin": {
        "rollup": "dist/bin/rollup"
      },
      "engines": {
        "node": ">=10.0.0"
      },
      "optionalDependencies": {
        "fsevents": "~2.3.2"
      }
    },
    "node_modules/sade": {
      "version": "1.8.1",
      "resolved": "https://artifactory.chrobinson.com/artifactory/api/npm/registry/sade/-/sade-1.8.1.tgz",
      "integrity": "sha1-CnjoHWWNOUiHvlfSpAm/cDo7JwE=",
      "dev": true,
      "license": "MIT",
      "dependencies": {
        "mri": "^1.1.0"
      },
      "engines": {
        "node": ">=6"
      }
    },
    "node_modules/source-map-js": {
      "version": "1.0.2",
      "resolved": "https://artifactory.chrobinson.com/artifactory/api/npm/registry/source-map-js/-/source-map-js-1.0.2.tgz",
      "integrity": "sha1-rbw2HZxi3zgBJefxYfccgm8eSQw=",
      "dev": true,
      "license": "BSD-3-Clause",
      "engines": {
        "node": ">=0.10.0"
      }
    },
    "node_modules/sourcemap-codec": {
      "version": "1.4.8",
      "resolved": "https://artifactory.chrobinson.com/artifactory/api/npm/registry/sourcemap-codec/-/sourcemap-codec-1.4.8.tgz",
      "integrity": "sha1-6oBL2UhXQC5pktBaOO8a41qatMQ=",
      "dev": true,
      "license": "MIT"
    },
    "node_modules/supports-preserve-symlinks-flag": {
      "version": "1.0.0",
      "resolved": "https://artifactory.chrobinson.com/artifactory/api/npm/registry/supports-preserve-symlinks-flag/-/supports-preserve-symlinks-flag-1.0.0.tgz",
      "integrity": "sha1-btpL00SjyUrqN21MwxvHcxEDngk=",
      "dev": true,
      "license": "MIT",
      "engines": {
        "node": ">= 0.4"
      },
      "funding": {
        "url": "https://github.com/sponsors/ljharb"
      }
    },
    "node_modules/svelte": {
      "version": "3.47.0",
      "resolved": "https://artifactory.chrobinson.com/artifactory/api/npm/registry/svelte/-/svelte-3.47.0.tgz",
      "integrity": "sha1-ukb+SuqZ/GUNaTnCFc1GlPUyWhk=",
      "dev": true,
      "license": "MIT",
      "engines": {
        "node": ">= 8"
      }
    },
    "node_modules/svelte-hmr": {
      "version": "0.14.11",
      "resolved": "https://artifactory.chrobinson.com/artifactory/api/npm/registry/svelte-hmr/-/svelte-hmr-0.14.11.tgz",
      "integrity": "sha1-Y9Uy3JwshJq3CFkvA0dl+iUC5Wg=",
      "dev": true,
      "license": "ISC",
      "engines": {
        "node": "^12.20 || ^14.13.1 || >= 16"
      },
      "peerDependencies": {
        "svelte": ">=3.19.0"
      }
    },
    "node_modules/tiny-glob": {
      "version": "0.2.9",
      "resolved": "https://artifactory.chrobinson.com/artifactory/api/npm/registry/tiny-glob/-/tiny-glob-0.2.9.tgz",
      "integrity": "sha1-IhLUQawXkoAzsRD4s2QGgxKdMeI=",
      "dev": true,
      "license": "MIT",
      "dependencies": {
        "globalyzer": "0.1.0",
        "globrex": "^0.1.2"
      }
    },
    "node_modules/vite": {
      "version": "2.9.5",
      "resolved": "https://artifactory.chrobinson.com/artifactory/api/npm/registry/vite/-/vite-2.9.5.tgz",
      "integrity": "sha1-CO83rHpth5yW8yi3kXMsmgDqJeo=",
      "dev": true,
      "license": "MIT",
      "dependencies": {
        "esbuild": "^0.14.27",
        "postcss": "^8.4.12",
        "resolve": "^1.22.0",
        "rollup": "^2.59.0"
      },
      "bin": {
        "vite": "bin/vite.js"
      },
      "engines": {
        "node": ">=12.2.0"
      },
      "optionalDependencies": {
        "fsevents": "~2.3.2"
      },
      "peerDependencies": {
        "less": "*",
        "sass": "*",
        "stylus": "*"
      },
      "peerDependenciesMeta": {
        "less": {
          "optional": true
        },
        "sass": {
          "optional": true
        },
        "stylus": {
          "optional": true
        }
      }
    },
    "node_modules/worktop": {
      "version": "0.8.0-next.12",
      "resolved": "https://artifactory.chrobinson.com/artifactory/api/npm/registry/worktop/-/worktop-0.8.0-next.12.tgz",
      "integrity": "sha1-Zvg1ZAOX3j74pkoaEldJEqqaRhQ=",
      "dev": true,
      "license": "MIT",
      "dependencies": {
        "mrmime": "^1.0.0",
        "regexparam": "^2.0.0"
      },
      "engines": {
        "node": ">=12"
      }
    }
  },
  "dependencies": {
    "@iarna/toml": {
      "version": "2.2.5",
      "resolved": "https://artifactory.chrobinson.com/artifactory/api/npm/registry/@iarna/toml/-/toml-2.2.5.tgz",
      "integrity": "sha1-syNmyJtDxvjO+976x3i5yCjjuow=",
      "dev": true
    },
    "@rollup/pluginutils": {
      "version": "4.2.1",
      "resolved": "https://artifactory.chrobinson.com/artifactory/api/npm/registry/@rollup/pluginutils/-/pluginutils-4.2.1.tgz",
      "integrity": "sha1-5sbDq6B0Ttzj+yB0ki03dsCvKm0=",
      "dev": true,
      "requires": {
        "estree-walker": "^2.0.1",
        "picomatch": "^2.2.2"
      }
    },
    "@sveltejs/adapter-auto": {
      "version": "1.0.0-next.35",
      "resolved": "https://artifactory.chrobinson.com/artifactory/api/npm/registry/@sveltejs/adapter-auto/-/adapter-auto-1.0.0-next.35.tgz",
      "integrity": "sha1-Np9GvALjuFrUSEZ1xg699lUjWu4=",
      "dev": true,
      "requires": {
        "@sveltejs/adapter-cloudflare": "1.0.0-next.18",
        "@sveltejs/adapter-netlify": "1.0.0-next.52",
        "@sveltejs/adapter-vercel": "1.0.0-next.48"
      }
    },
    "@sveltejs/adapter-cloudflare": {
      "version": "1.0.0-next.18",
      "resolved": "https://artifactory.chrobinson.com/artifactory/api/npm/registry/@sveltejs/adapter-cloudflare/-/adapter-cloudflare-1.0.0-next.18.tgz",
      "integrity": "sha1-+Qiv3biHPbu2AUHFVr+lapaunQA=",
      "dev": true,
      "requires": {
        "esbuild": "^0.14.21",
        "worktop": "0.8.0-next.12"
      }
    },
    "@sveltejs/adapter-netlify": {
      "version": "1.0.0-next.52",
      "resolved": "https://artifactory.chrobinson.com/artifactory/api/npm/registry/@sveltejs/adapter-netlify/-/adapter-netlify-1.0.0-next.52.tgz",
      "integrity": "sha1-NBwchTYXycWrygmUjitqWbVQi8U=",
      "dev": true,
      "requires": {
        "@iarna/toml": "^2.2.5",
        "esbuild": "^0.14.21",
        "tiny-glob": "^0.2.9"
      }
    },
    "@sveltejs/adapter-vercel": {
      "version": "1.0.0-next.48",
      "resolved": "https://artifactory.chrobinson.com/artifactory/api/npm/registry/@sveltejs/adapter-vercel/-/adapter-vercel-1.0.0-next.48.tgz",
      "integrity": "sha1-7IrfNUBSVkXxr9aQxrJZB9zIvlM=",
      "dev": true,
      "requires": {
        "esbuild": "^0.14.21"
      }
    },
    "@sveltejs/kit": {
      "version": "1.0.0-next.317",
      "resolved": "https://artifactory.chrobinson.com/artifactory/api/npm/registry/@sveltejs/kit/-/kit-1.0.0-next.317.tgz",
      "integrity": "sha1-LdrcW6+4MABL2bQhISQF+OR7U9U=",
      "dev": true,
      "requires": {
        "@sveltejs/vite-plugin-svelte": "^1.0.0-next.32",
        "sade": "^1.7.4",
        "vite": "^2.9.0"
      }
    },
    "@sveltejs/vite-plugin-svelte": {
      "version": "1.0.0-next.41",
      "resolved": "https://artifactory.chrobinson.com/artifactory/api/npm/registry/@sveltejs/vite-plugin-svelte/-/vite-plugin-svelte-1.0.0-next.41.tgz",
      "integrity": "sha1-R3hQKviiPGXOqgtSJe1yLTrWteA=",
      "dev": true,
      "requires": {
        "@rollup/pluginutils": "^4.2.0",
        "debug": "^4.3.4",
        "kleur": "^4.1.4",
        "magic-string": "^0.26.1",
        "svelte-hmr": "^0.14.11"
      }
    },
    "debug": {
      "version": "4.3.4",
      "resolved": "https://artifactory.chrobinson.com/artifactory/api/npm/registry/debug/-/debug-4.3.4.tgz",
      "integrity": "sha1-Exn2V5NX8jONMzfSzdSRS7XcyGU=",
      "dev": true,
      "requires": {
        "ms": "2.1.2"
      }
    },
    "esbuild": {
      "version": "0.14.37",
      "resolved": "https://artifactory.chrobinson.com/artifactory/api/npm/registry/esbuild/-/esbuild-0.14.37.tgz",
      "integrity": "sha1-JKc+0N7QtYLdGEEBQn35SJfoj6w=",
      "dev": true,
      "requires": {
        "esbuild-android-64": "0.14.37",
        "esbuild-android-arm64": "0.14.37",
        "esbuild-darwin-64": "0.14.37",
        "esbuild-darwin-arm64": "0.14.37",
        "esbuild-freebsd-64": "0.14.37",
        "esbuild-freebsd-arm64": "0.14.37",
        "esbuild-linux-32": "0.14.37",
        "esbuild-linux-64": "0.14.37",
        "esbuild-linux-arm": "0.14.37",
        "esbuild-linux-arm64": "0.14.37",
        "esbuild-linux-mips64le": "0.14.37",
        "esbuild-linux-ppc64le": "0.14.37",
        "esbuild-linux-riscv64": "0.14.37",
        "esbuild-linux-s390x": "0.14.37",
        "esbuild-netbsd-64": "0.14.37",
        "esbuild-openbsd-64": "0.14.37",
        "esbuild-sunos-64": "0.14.37",
        "esbuild-windows-32": "0.14.37",
        "esbuild-windows-64": "0.14.37",
        "esbuild-windows-arm64": "0.14.37"
      }
    },
    "esbuild-android-64": {
      "version": "0.14.37",
      "resolved": "https://artifactory.chrobinson.com/artifactory/api/npm/registry/esbuild-android-64/-/esbuild-android-64-0.14.37.tgz",
      "integrity": "sha1-2g3R9L9+4DujzH9zUiKhLO+dPpQ=",
      "dev": true,
      "optional": true
    },
    "esbuild-android-arm64": {
      "version": "0.14.37",
      "resolved": "https://artifactory.chrobinson.com/artifactory/api/npm/registry/esbuild-android-arm64/-/esbuild-android-arm64-0.14.37.tgz",
      "integrity": "sha1-uVArDM7PXmy3qnWhYHyuUWWA9vg=",
      "dev": true,
      "optional": true
    },
    "esbuild-darwin-64": {
      "version": "0.14.37",
      "resolved": "https://artifactory.chrobinson.com/artifactory/api/npm/registry/esbuild-darwin-64/-/esbuild-darwin-64-0.14.37.tgz",
      "integrity": "sha1-TvMMVZ+kKBeQV1vQKaPQ9W+laqQ=",
      "dev": true,
      "optional": true
    },
    "esbuild-darwin-arm64": {
      "version": "0.14.37",
      "resolved": "https://artifactory.chrobinson.com/artifactory/api/npm/registry/esbuild-darwin-arm64/-/esbuild-darwin-arm64-0.14.37.tgz",
      "integrity": "sha1-LU/7Tw5lVnKQtpxOmg97So1Oxc4=",
      "dev": true,
      "optional": true
    },
    "esbuild-freebsd-64": {
      "version": "0.14.37",
      "resolved": "https://artifactory.chrobinson.com/artifactory/api/npm/registry/esbuild-freebsd-64/-/esbuild-freebsd-64-0.14.37.tgz",
      "integrity": "sha1-5wxvPGAPpS+vE1rutqXmv9kN2Nw=",
      "dev": true,
      "optional": true
    },
    "esbuild-freebsd-arm64": {
      "version": "0.14.37",
      "resolved": "https://artifactory.chrobinson.com/artifactory/api/npm/registry/esbuild-freebsd-arm64/-/esbuild-freebsd-arm64-0.14.37.tgz",
      "integrity": "sha1-I3nttRmEfSuxcDAz/+n7akYnv8U=",
      "dev": true,
      "optional": true
    },
    "esbuild-linux-32": {
      "version": "0.14.37",
      "resolved": "https://artifactory.chrobinson.com/artifactory/api/npm/registry/esbuild-linux-32/-/esbuild-linux-32-0.14.37.tgz",
      "integrity": "sha1-cnkHyQsYY6kIyt+lYmEAVmP0fuU=",
      "dev": true,
      "optional": true
    },
    "esbuild-linux-64": {
      "version": "0.14.37",
      "resolved": "https://artifactory.chrobinson.com/artifactory/api/npm/registry/esbuild-linux-64/-/esbuild-linux-64-0.14.37.tgz",
      "integrity": "sha1-Bo3u1rC/Cfb36q03HK3eQIWUXKc=",
      "dev": true,
      "optional": true
    },
    "esbuild-linux-arm": {
      "version": "0.14.37",
      "resolved": "https://artifactory.chrobinson.com/artifactory/api/npm/registry/esbuild-linux-arm/-/esbuild-linux-arm-0.14.37.tgz",
      "integrity": "sha1-d4nT/JbC7cLr+WzA+tw3CGaN45k=",
      "dev": true,
      "optional": true
    },
    "esbuild-linux-arm64": {
      "version": "0.14.37",
      "resolved": "https://artifactory.chrobinson.com/artifactory/api/npm/registry/esbuild-linux-arm64/-/esbuild-linux-arm64-0.14.37.tgz",
      "integrity": "sha1-9DOuSQIAPYtJnAWrO0i5mm55yPY=",
      "dev": true,
      "optional": true
    },
    "esbuild-linux-mips64le": {
      "version": "0.14.37",
      "resolved": "https://artifactory.chrobinson.com/artifactory/api/npm/registry/esbuild-linux-mips64le/-/esbuild-linux-mips64le-0.14.37.tgz",
      "integrity": "sha1-fxAKmw6m1gvRWFvdddXX0+pDK/Q=",
      "dev": true,
      "optional": true
    },
    "esbuild-linux-ppc64le": {
      "version": "0.14.37",
      "resolved": "https://artifactory.chrobinson.com/artifactory/api/npm/registry/esbuild-linux-ppc64le/-/esbuild-linux-ppc64le-0.14.37.tgz",
      "integrity": "sha1-Edg5rMsblzmJWcnGRkSu0qd1f14=",
      "dev": true,
      "optional": true
    },
    "esbuild-linux-riscv64": {
      "version": "0.14.37",
      "resolved": "https://artifactory.chrobinson.com/artifactory/api/npm/registry/esbuild-linux-riscv64/-/esbuild-linux-riscv64-0.14.37.tgz",
      "integrity": "sha1-RnzepfvTwmvXo0K/rwexMb5nOK8=",
      "dev": true,
      "optional": true
    },
    "esbuild-linux-s390x": {
      "version": "0.14.37",
      "resolved": "https://artifactory.chrobinson.com/artifactory/api/npm/registry/esbuild-linux-s390x/-/esbuild-linux-s390x-0.14.37.tgz",
      "integrity": "sha1-5Py2yr8TuqL4aZ8wyWaLk4OUXuQ=",
      "dev": true,
      "optional": true
    },
    "esbuild-netbsd-64": {
      "version": "0.14.37",
      "resolved": "https://artifactory.chrobinson.com/artifactory/api/npm/registry/esbuild-netbsd-64/-/esbuild-netbsd-64-0.14.37.tgz",
      "integrity": "sha1-7AbPvsU/1TMf7PzBHXUriv+EDFM=",
      "dev": true,
      "optional": true
    },
    "esbuild-openbsd-64": {
      "version": "0.14.37",
      "resolved": "https://artifactory.chrobinson.com/artifactory/api/npm/registry/esbuild-openbsd-64/-/esbuild-openbsd-64-0.14.37.tgz",
      "integrity": "sha1-TI9mQKKpYa0o50Y4cxUS8gS+Kjo=",
      "dev": true,
      "optional": true
    },
    "esbuild-sunos-64": {
      "version": "0.14.37",
      "resolved": "https://artifactory.chrobinson.com/artifactory/api/npm/registry/esbuild-sunos-64/-/esbuild-sunos-64-0.14.37.tgz",
      "integrity": "sha1-xSnDg4wKjHl7LPlLtrjt92HNwSY=",
      "dev": true,
      "optional": true
    },
    "esbuild-windows-32": {
      "version": "0.14.37",
      "resolved": "https://artifactory.chrobinson.com/artifactory/api/npm/registry/esbuild-windows-32/-/esbuild-windows-32-0.14.37.tgz",
      "integrity": "sha1-cZ4CMHVFvaFLO3TPJlKITF6kJyU=",
      "dev": true,
      "optional": true
    },
    "esbuild-windows-64": {
      "version": "0.14.37",
      "resolved": "https://artifactory.chrobinson.com/artifactory/api/npm/registry/esbuild-windows-64/-/esbuild-windows-64-0.14.37.tgz",
      "integrity": "sha1-oUgb2h6dljtsT+031fbb5IOxA1s=",
      "dev": true,
      "optional": true
    },
    "esbuild-windows-arm64": {
      "version": "0.14.37",
      "resolved": "https://artifactory.chrobinson.com/artifactory/api/npm/registry/esbuild-windows-arm64/-/esbuild-windows-arm64-0.14.37.tgz",
      "integrity": "sha1-6xsbhI3O3wtX/fIH35h5/jqq880=",
      "dev": true,
      "optional": true
    },
    "estree-walker": {
      "version": "2.0.2",
      "resolved": "https://artifactory.chrobinson.com/artifactory/api/npm/registry/estree-walker/-/estree-walker-2.0.2.tgz",
      "integrity": "sha1-UvAQF4wqTBF6d1fP6UKtt9LaTKw=",
      "dev": true
    },
    "fsevents": {
      "version": "2.3.2",
      "resolved": "https://artifactory.chrobinson.com/artifactory/api/npm/registry/fsevents/-/fsevents-2.3.2.tgz",
      "integrity": "sha1-ilJveLj99GI7cJ4Ll1xSwkwC/Ro=",
      "dev": true,
      "optional": true
    },
    "function-bind": {
      "version": "1.1.1",
      "resolved": "https://artifactory.chrobinson.com/artifactory/api/npm/registry/function-bind/-/function-bind-1.1.1.tgz",
      "integrity": "sha1-pWiZ0+o8m6uHS7l3O3xe3pL0iV0=",
      "dev": true
    },
    "globalyzer": {
      "version": "0.1.0",
      "resolved": "https://artifactory.chrobinson.com/artifactory/api/npm/registry/globalyzer/-/globalyzer-0.1.0.tgz",
      "integrity": "sha1-y3baeVVWaaFRnVqO3wk6+qC/FGU=",
      "dev": true
    },
    "globrex": {
      "version": "0.1.2",
      "resolved": "https://artifactory.chrobinson.com/artifactory/api/npm/registry/globrex/-/globrex-0.1.2.tgz",
      "integrity": "sha1-3V2eyCYjJzDNZ5Ol4zqTApheYJg=",
      "dev": true
    },
    "has": {
      "version": "1.0.3",
      "resolved": "https://artifactory.chrobinson.com/artifactory/api/npm/registry/has/-/has-1.0.3.tgz",
      "integrity": "sha1-ci18v8H2qoJB8W3YFOAR4fQeh5Y=",
      "dev": true,
      "requires": {
        "function-bind": "^1.1.1"
      }
    },
    "is-core-module": {
      "version": "2.9.0",
      "resolved": "https://artifactory.chrobinson.com/artifactory/api/npm/registry/is-core-module/-/is-core-module-2.9.0.tgz",
      "integrity": "sha1-4cNEKc1Rxt2eCeB5njluJ7GanGk=",
      "dev": true,
      "requires": {
        "has": "^1.0.3"
      }
    },
    "kleur": {
      "version": "4.1.4",
      "resolved": "https://artifactory.chrobinson.com/artifactory/api/npm/registry/kleur/-/kleur-4.1.4.tgz",
      "integrity": "sha1-jCAph9fld3ZtA5qM1GGTTAHNoE0=",
      "dev": true
    },
    "magic-string": {
      "version": "0.26.1",
      "resolved": "https://artifactory.chrobinson.com/artifactory/api/npm/registry/magic-string/-/magic-string-0.26.1.tgz",
      "integrity": "sha1-uptlE1T6lRJHQZms7PnG2+k/l/0=",
      "dev": true,
      "requires": {
        "sourcemap-codec": "^1.4.8"
      }
    },
    "mri": {
      "version": "1.2.0",
      "resolved": "https://artifactory.chrobinson.com/artifactory/api/npm/registry/mri/-/mri-1.2.0.tgz",
      "integrity": "sha1-ZyFID+wqEaSImGERWki2y+fMjws=",
      "dev": true
    },
    "mrmime": {
      "version": "1.0.0",
      "resolved": "https://artifactory.chrobinson.com/artifactory/api/npm/registry/mrmime/-/mrmime-1.0.0.tgz",
      "integrity": "sha1-FNOH8FhaUjPSkbq6M5sGN1KiOYs=",
      "dev": true
    },
    "ms": {
      "version": "2.1.2",
      "resolved": "https://artifactory.chrobinson.com/artifactory/api/npm/registry/ms/-/ms-2.1.2.tgz",
      "integrity": "sha1-0J0fNXtEP0kzgqjrPM0YOHKuYAk=",
      "dev": true
    },
    "nanoid": {
      "version": "3.3.3",
      "resolved": "https://artifactory.chrobinson.com/artifactory/api/npm/registry/nanoid/-/nanoid-3.3.3.tgz",
      "integrity": "sha1-/Y6Leqdh/oB9ui0bmPtyQbtySiU=",
      "dev": true
    },
    "path-parse": {
      "version": "1.0.7",
      "resolved": "https://artifactory.chrobinson.com/artifactory/api/npm/registry/path-parse/-/path-parse-1.0.7.tgz",
      "integrity": "sha1-+8EUtgykKzDZ2vWFjkvWi77bZzU=",
      "dev": true
    },
    "picocolors": {
      "version": "1.0.0",
      "resolved": "https://artifactory.chrobinson.com/artifactory/api/npm/registry/picocolors/-/picocolors-1.0.0.tgz",
      "integrity": "sha1-y1vcdP8/UYkiNur3nWi8RFZKuBw=",
      "dev": true
    },
    "picomatch": {
      "version": "2.3.1",
      "resolved": "https://artifactory.chrobinson.com/artifactory/api/npm/registry/picomatch/-/picomatch-2.3.1.tgz",
      "integrity": "sha1-O6ODNzNkbZ0+SZWUbBNlpn+wekI=",
      "dev": true
    },
    "postcss": {
      "version": "8.4.12",
      "resolved": "https://artifactory.chrobinson.com/artifactory/api/npm/registry/postcss/-/postcss-8.4.12.tgz",
      "integrity": "sha1-Hn3nhzOyiXD6R0P32m83Y2SLGQU=",
      "dev": true,
      "requires": {
        "nanoid": "^3.3.1",
        "picocolors": "^1.0.0",
        "source-map-js": "^1.0.2"
      }
    },
    "regexparam": {
      "version": "2.0.0",
      "resolved": "https://artifactory.chrobinson.com/artifactory/api/npm/registry/regexparam/-/regexparam-2.0.0.tgz",
      "integrity": "sha1-BZR2dn1fX4f3Nfx5ItEz/RoRjIw=",
      "dev": true
    },
    "resolve": {
      "version": "1.22.0",
      "resolved": "https://artifactory.chrobinson.com/artifactory/api/npm/registry/resolve/-/resolve-1.22.0.tgz",
      "integrity": "sha1-XguMZ8Fd9XqJvbq+YDoALyFzEZg=",
      "dev": true,
      "requires": {
        "is-core-module": "^2.8.1",
        "path-parse": "^1.0.7",
        "supports-preserve-symlinks-flag": "^1.0.0"
      }
    },
    "rollup": {
      "version": "2.70.2",
      "resolved": "https://artifactory.chrobinson.com/artifactory/api/npm/registry/rollup/-/rollup-2.70.2.tgz",
      "integrity": "sha1-gI0gaohRYooGUJe3uiBTvYO6DA0=",
      "dev": true,
      "requires": {
        "fsevents": "~2.3.2"
      }
    },
    "sade": {
      "version": "1.8.1",
      "resolved": "https://artifactory.chrobinson.com/artifactory/api/npm/registry/sade/-/sade-1.8.1.tgz",
      "integrity": "sha1-CnjoHWWNOUiHvlfSpAm/cDo7JwE=",
      "dev": true,
      "requires": {
        "mri": "^1.1.0"
      }
    },
    "source-map-js": {
      "version": "1.0.2",
      "resolved": "https://artifactory.chrobinson.com/artifactory/api/npm/registry/source-map-js/-/source-map-js-1.0.2.tgz",
      "integrity": "sha1-rbw2HZxi3zgBJefxYfccgm8eSQw=",
      "dev": true
    },
    "sourcemap-codec": {
      "version": "1.4.8",
      "resolved": "https://artifactory.chrobinson.com/artifactory/api/npm/registry/sourcemap-codec/-/sourcemap-codec-1.4.8.tgz",
      "integrity": "sha1-6oBL2UhXQC5pktBaOO8a41qatMQ=",
      "dev": true
    },
    "supports-preserve-symlinks-flag": {
      "version": "1.0.0",
      "resolved": "https://artifactory.chrobinson.com/artifactory/api/npm/registry/supports-preserve-symlinks-flag/-/supports-preserve-symlinks-flag-1.0.0.tgz",
      "integrity": "sha1-btpL00SjyUrqN21MwxvHcxEDngk=",
      "dev": true
    },
    "svelte": {
      "version": "3.47.0",
      "resolved": "https://artifactory.chrobinson.com/artifactory/api/npm/registry/svelte/-/svelte-3.47.0.tgz",
      "integrity": "sha1-ukb+SuqZ/GUNaTnCFc1GlPUyWhk=",
      "dev": true
    },
    "svelte-hmr": {
      "version": "0.14.11",
      "resolved": "https://artifactory.chrobinson.com/artifactory/api/npm/registry/svelte-hmr/-/svelte-hmr-0.14.11.tgz",
      "integrity": "sha1-Y9Uy3JwshJq3CFkvA0dl+iUC5Wg=",
      "dev": true,
      "requires": {}
    },
    "tiny-glob": {
      "version": "0.2.9",
      "resolved": "https://artifactory.chrobinson.com/artifactory/api/npm/registry/tiny-glob/-/tiny-glob-0.2.9.tgz",
      "integrity": "sha1-IhLUQawXkoAzsRD4s2QGgxKdMeI=",
      "dev": true,
      "requires": {
        "globalyzer": "0.1.0",
        "globrex": "^0.1.2"
      }
    },
    "vite": {
      "version": "2.9.5",
      "resolved": "https://artifactory.chrobinson.com/artifactory/api/npm/registry/vite/-/vite-2.9.5.tgz",
      "integrity": "sha1-CO83rHpth5yW8yi3kXMsmgDqJeo=",
      "dev": true,
      "requires": {
        "esbuild": "^0.14.27",
        "fsevents": "~2.3.2",
        "postcss": "^8.4.12",
        "resolve": "^1.22.0",
        "rollup": "^2.59.0"
      }
    },
    "worktop": {
      "version": "0.8.0-next.12",
      "resolved": "https://artifactory.chrobinson.com/artifactory/api/npm/registry/worktop/-/worktop-0.8.0-next.12.tgz",
      "integrity": "sha1-Zvg1ZAOX3j74pkoaEldJEqqaRhQ=",
      "dev": true,
      "requires": {
        "mrmime": "^1.0.0",
        "regexparam": "^2.0.0"
      }
    }
  }
}
